
Microsoft Visual Studio Solution File, Format Version 12.00
# Visual Studio 15
VisualStudioVersion = 15.0.26430.16
MinimumVisualStudioVersion = 10.0.40219.1
Project("{FAE04EC0-301F-11D3-BF4B-00C04F79EFBC}") = "DotNet.Pruebas", "DotNet.Pruebas\DotNet.Pruebas.csproj", "{ADC33904-7010-462D-8889-CC2884F64C62}"
EndProject
Project("{FAE04EC0-301F-11D3-BF4B-00C04F79EFBC}") = "DotNet.Datos", "DotNet.Datos\DotNet.Datos.csproj", "{5AC71F8B-21EA-4097-87A2-B526F8118741}"
EndProject
Project("{FAE04EC0-301F-11D3-BF4B-00C04F79EFBC}") = "DotNet.Negocio", "DotNet.Negocio\DotNet.Negocio.csproj", "{CFCC42A8-5406-4D4B-9698-CFC2566E76A7}"
EndProject
Project("{FAE04EC0-301F-11D3-BF4B-00C04F79EFBC}") = "DotNet.Modelo", "DotNet.Modelo\DotNet.Modelo.csproj", "{0C245A7F-3BD3-42C8-A86F-7EC7C861D7CC}"
EndProject
Global
	GlobalSection(SolutionConfigurationPlatforms) = preSolution
		Debug|Any CPU = Debug|Any CPU
		Release|Any CPU = Release|Any CPU
	EndGlobalSection
	GlobalSection(ProjectConfigurationPlatforms) = postSolution
		{ADC33904-7010-462D-8889-CC2884F64C62}.Debug|Any CPU.ActiveCfg = Debug|Any CPU
		{ADC33904-7010-462D-8889-CC2884F64C62}.Debug|Any CPU.Build.0 = Debug|Any CPU
		{ADC33904-7010-462D-8889-CC2884F64C62}.Release|Any CPU.ActiveCfg = Release|Any CPU
		{ADC33904-7010-462D-8889-CC2884F64C62}.Release|Any CPU.Build.0 = Release|Any CPU
		{5AC71F8B-21EA-4097-87A2-B526F8118741}.Debug|Any CPU.ActiveCfg = Debug|Any CPU
		{5AC71F8B-21EA-4097-87A2-B526F8118741}.Debug|Any CPU.Build.0 = Debug|Any CPU
		{5AC71F8B-21EA-4097-87A2-B526F8118741}.Release|Any CPU.ActiveCfg = Release|Any CPU
		{5AC71F8B-21EA-4097-87A2-B526F8118741}.Release|Any CPU.Build.0 = Release|Any CPU
		{CFCC42A8-5406-4D4B-9698-CFC2566E76A7}.Debug|Any CPU.ActiveCfg = Debug|Any CPU
		{CFCC42A8-5406-4D4B-9698-CFC2566E76A7}.Debug|Any CPU.Build.0 = Debug|Any CPU
		{CFCC42A8-5406-4D4B-9698-CFC2566E76A7}.Release|Any CPU.ActiveCfg = Release|Any CPU
		{CFCC42A8-5406-4D4B-9698-CFC2566E76A7}.Release|Any CPU.Build.0 = Release|Any CPU
		{0C245A7F-3BD3-42C8-A86F-7EC7C861D7CC}.Debug|Any CPU.ActiveCfg = Debug|Any CPU
		{0C245A7F-3BD3-42C8-A86F-7EC7C861D7CC}.Debug|Any CPU.Build.0 = Debug|Any CPU
		{0C245A7F-3BD3-42C8-A86F-7EC7C861D7CC}.Release|Any CPU.ActiveCfg = Release|Any CPU
		{0C245A7F-3BD3-42C8-A86F-7EC7C861D7CC}.Release|Any CPU.Build.0 = Release|Any CPU
	EndGlobalSection
	GlobalSection(SolutionProperties) = preSolution
		HideSolutionNode = FALSE
	EndGlobalSection
EndGlobal
